{
  "name": "workspace",
  "lockfileVersion": 3,
  "requires": true,
  "packages": {
    "": {
      "dependencies": {
        "dayjs": "^1.11.13",
        "tailwind-merge": "^3.0.2"
      }
    },
    "node_modules/dayjs": {
      "version": "1.11.13",
      "resolved": "https://registry.npmjs.org/dayjs/-/dayjs-1.11.13.tgz",
      "integrity": "sha512-oaMBel6gjolK862uaPQOVTA7q3TZhuSvuMQAAglQDOWYO9A91IrAOUJEyKVlqJlHE0vq5p5UXxzdPfMH/x6xNg==",
      "license": "MIT"
    },
    "node_modules/tailwind-merge": {
      "version": "3.0.2",
      "resolved": "https://registry.npmjs.org/tailwind-merge/-/tailwind-merge-3.0.2.tgz",
      "integrity": "sha512-l7z+OYZ7mu3DTqrL88RiKrKIqO3NcpEO8V/Od04bNpvk0kiIFndGEoqfuzvj4yuhRkHKjRkII2z+KS2HfPcSxw==",
      "license": "MIT",
      "funding": {
        "type": "github",
        "url": "https://github.com/sponsors/dcastil"
      }
    }
  }
}
